
Microsoft Visual Studio Solution File, Format Version 12.00
# Visual Studio Version 17
VisualStudioVersion = 17.4.33103.184
MinimumVisualStudioVersion = 10.0.40219.1
Project("{8BC9CEB8-8B4A-11D0-8D11-00A0C91BC942}") = "DP_XO", "DP_XO\DP_XO.vcxproj", "{E6206A64-36A3-42B2-B711-A9A6B46B9A1D}"
	ProjectSection(ProjectDependencies) = postProject
		{A6F5017E-650D-4B35-AB14-C3DFAB9D0D14} = {A6F5017E-650D-4B35-AB14-C3DFAB9D0D14}
	EndProjectSection
EndProject
Project("{8BC9CEB8-8B4A-11D0-8D11-00A0C91BC942}") = "UnitTesting", "UnitTesting\UnitTesting.vcxproj", "{1294DB38-EE4B-4362-82B4-A6FBA2474EE4}"
EndProject
Project("{8BC9CEB8-8B4A-11D0-8D11-00A0C91BC942}") = "GameLib", "GameLib\GameLib.vcxproj", "{A6F5017E-650D-4B35-AB14-C3DFAB9D0D14}"
EndProject
Global
	GlobalSection(SolutionConfigurationPlatforms) = preSolution
		Debug|x64 = Debug|x64
		Debug|x86 = Debug|x86
		Release|x64 = Release|x64
		Release|x86 = Release|x86
	EndGlobalSection
	GlobalSection(ProjectConfigurationPlatforms) = postSolution
		{E6206A64-36A3-42B2-B711-A9A6B46B9A1D}.Debug|x64.ActiveCfg = Debug|x64
		{E6206A64-36A3-42B2-B711-A9A6B46B9A1D}.Debug|x64.Build.0 = Debug|x64
		{E6206A64-36A3-42B2-B711-A9A6B46B9A1D}.Debug|x86.ActiveCfg = Debug|x64
		{E6206A64-36A3-42B2-B711-A9A6B46B9A1D}.Debug|x86.Build.0 = Debug|x64
		{E6206A64-36A3-42B2-B711-A9A6B46B9A1D}.Release|x64.ActiveCfg = Release|x64
		{E6206A64-36A3-42B2-B711-A9A6B46B9A1D}.Release|x64.Build.0 = Release|x64
		{E6206A64-36A3-42B2-B711-A9A6B46B9A1D}.Release|x86.ActiveCfg = Release|x64
		{E6206A64-36A3-42B2-B711-A9A6B46B9A1D}.Release|x86.Build.0 = Release|x64
		{1294DB38-EE4B-4362-82B4-A6FBA2474EE4}.Debug|x64.ActiveCfg = Debug|x64
		{1294DB38-EE4B-4362-82B4-A6FBA2474EE4}.Debug|x64.Build.0 = Debug|x64
		{1294DB38-EE4B-4362-82B4-A6FBA2474EE4}.Debug|x86.ActiveCfg = Debug|Win32
		{1294DB38-EE4B-4362-82B4-A6FBA2474EE4}.Debug|x86.Build.0 = Debug|Win32
		{1294DB38-EE4B-4362-82B4-A6FBA2474EE4}.Release|x64.ActiveCfg = Release|x64
		{1294DB38-EE4B-4362-82B4-A6FBA2474EE4}.Release|x64.Build.0 = Release|x64
		{1294DB38-EE4B-4362-82B4-A6FBA2474EE4}.Release|x86.ActiveCfg = Release|Win32
		{1294DB38-EE4B-4362-82B4-A6FBA2474EE4}.Release|x86.Build.0 = Release|Win32
		{A6F5017E-650D-4B35-AB14-C3DFAB9D0D14}.Debug|x64.ActiveCfg = Debug|x64
		{A6F5017E-650D-4B35-AB14-C3DFAB9D0D14}.Debug|x64.Build.0 = Debug|x64
		{A6F5017E-650D-4B35-AB14-C3DFAB9D0D14}.Debug|x86.ActiveCfg = Debug|Win32
		{A6F5017E-650D-4B35-AB14-C3DFAB9D0D14}.Debug|x86.Build.0 = Debug|Win32
		{A6F5017E-650D-4B35-AB14-C3DFAB9D0D14}.Release|x64.ActiveCfg = Release|x64
		{A6F5017E-650D-4B35-AB14-C3DFAB9D0D14}.Release|x64.Build.0 = Release|x64
		{A6F5017E-650D-4B35-AB14-C3DFAB9D0D14}.Release|x86.ActiveCfg = Release|Win32
		{A6F5017E-650D-4B35-AB14-C3DFAB9D0D14}.Release|x86.Build.0 = Release|Win32
	EndGlobalSection
	GlobalSection(SolutionProperties) = preSolution
		HideSolutionNode = FALSE
	EndGlobalSection
	GlobalSection(ExtensibilityGlobals) = postSolution
		SolutionGuid = {987C4C9E-FE7E-47DB-94F8-9AEEFB6BC6A8}
	EndGlobalSection
EndGlobal
